
Microsoft Visual Studio Solution File, Format Version 12.00
# Visual Studio Version 17
VisualStudioVersion = 17.11.35222.181
MinimumVisualStudioVersion = 10.0.40219.1
Project("{9A19103F-16F7-4668-BE54-9A1E7A4F7556}") = "AcmeCorp.Web", "AcmeCorp.Web\AcmeCorp.Web.csproj", "{965F4678-3F12-41C3-91A2-CFFB80CAB99B}"
	ProjectSection(ProjectDependencies) = postProject
		{9F4180DD-F774-4779-9B60-69ACCDEB0C89} = {9F4180DD-F774-4779-9B60-69ACCDEB0C89}
		{F757C566-37AD-4ADA-B556-CCC70EC55147} = {F757C566-37AD-4ADA-B556-CCC70EC55147}
	EndProjectSection
EndProject
Project("{9A19103F-16F7-4668-BE54-9A1E7A4F7556}") = "AcmeCorp.Data", "AcmeCorp.Data\AcmeCorp.Data.csproj", "{F757C566-37AD-4ADA-B556-CCC70EC55147}"
EndProject
Project("{9A19103F-16F7-4668-BE54-9A1E7A4F7556}") = "AcmeCorp.Service", "AcmeCorp.Service\AcmeCorp.Service.csproj", "{9F4180DD-F774-4779-9B60-69ACCDEB0C89}"
	ProjectSection(ProjectDependencies) = postProject
		{F757C566-37AD-4ADA-B556-CCC70EC55147} = {F757C566-37AD-4ADA-B556-CCC70EC55147}
	EndProjectSection
EndProject
Project("{FAE04EC0-301F-11D3-BF4B-00C04F79EFBC}") = "AcmeCorp.Test", "AcmeCorp.Test\AcmeCorp.Test.csproj", "{984DBA65-3952-4329-8AFC-B2198137C5D9}"
EndProject
Global
	GlobalSection(SolutionConfigurationPlatforms) = preSolution
		Debug|Any CPU = Debug|Any CPU
		Release|Any CPU = Release|Any CPU
	EndGlobalSection
	GlobalSection(ProjectConfigurationPlatforms) = postSolution
		{965F4678-3F12-41C3-91A2-CFFB80CAB99B}.Debug|Any CPU.ActiveCfg = Debug|Any CPU
		{965F4678-3F12-41C3-91A2-CFFB80CAB99B}.Debug|Any CPU.Build.0 = Debug|Any CPU
		{965F4678-3F12-41C3-91A2-CFFB80CAB99B}.Release|Any CPU.ActiveCfg = Release|Any CPU
		{965F4678-3F12-41C3-91A2-CFFB80CAB99B}.Release|Any CPU.Build.0 = Release|Any CPU
		{F757C566-37AD-4ADA-B556-CCC70EC55147}.Debug|Any CPU.ActiveCfg = Debug|Any CPU
		{F757C566-37AD-4ADA-B556-CCC70EC55147}.Debug|Any CPU.Build.0 = Debug|Any CPU
		{F757C566-37AD-4ADA-B556-CCC70EC55147}.Release|Any CPU.ActiveCfg = Release|Any CPU
		{F757C566-37AD-4ADA-B556-CCC70EC55147}.Release|Any CPU.Build.0 = Release|Any CPU
		{9F4180DD-F774-4779-9B60-69ACCDEB0C89}.Debug|Any CPU.ActiveCfg = Debug|Any CPU
		{9F4180DD-F774-4779-9B60-69ACCDEB0C89}.Debug|Any CPU.Build.0 = Debug|Any CPU
		{9F4180DD-F774-4779-9B60-69ACCDEB0C89}.Release|Any CPU.ActiveCfg = Release|Any CPU
		{9F4180DD-F774-4779-9B60-69ACCDEB0C89}.Release|Any CPU.Build.0 = Release|Any CPU
		{984DBA65-3952-4329-8AFC-B2198137C5D9}.Debug|Any CPU.ActiveCfg = Debug|Any CPU
		{984DBA65-3952-4329-8AFC-B2198137C5D9}.Debug|Any CPU.Build.0 = Debug|Any CPU
		{984DBA65-3952-4329-8AFC-B2198137C5D9}.Release|Any CPU.ActiveCfg = Release|Any CPU
		{984DBA65-3952-4329-8AFC-B2198137C5D9}.Release|Any CPU.Build.0 = Release|Any CPU
	EndGlobalSection
	GlobalSection(SolutionProperties) = preSolution
		HideSolutionNode = FALSE
	EndGlobalSection
	GlobalSection(ExtensibilityGlobals) = postSolution
		SolutionGuid = {DBE212E3-FB18-4ABC-8FB3-54609556D657}
	EndGlobalSection
EndGlobal
