
Microsoft Visual Studio Solution File, Format Version 12.00
# Visual Studio Version 17
VisualStudioVersion = 17.11.35222.181
MinimumVisualStudioVersion = 10.0.40219.1
Project("{9A19103F-16F7-4668-BE54-9A1E7A4F7556}") = "AcmeCorp.Web", "AcmeCorp.Web\AcmeCorp.Web.csproj", "{965F4678-3F12-41C3-91A2-CFFB80CAB99B}"
EndProject
Project("{FAE04EC0-301F-11D3-BF4B-00C04F79EFBC}") = "AcmeCorp.Lib", "AcmeCorp.Lib\AcmeCorp.Lib.csproj", "{DB61424E-E181-4895-B627-EE80AB753C45}"
EndProject
Global
	GlobalSection(SolutionConfigurationPlatforms) = preSolution
		Debug|Any CPU = Debug|Any CPU
		Release|Any CPU = Release|Any CPU
	EndGlobalSection
	GlobalSection(ProjectConfigurationPlatforms) = postSolution
		{965F4678-3F12-41C3-91A2-CFFB80CAB99B}.Debug|Any CPU.ActiveCfg = Debug|Any CPU
		{965F4678-3F12-41C3-91A2-CFFB80CAB99B}.Debug|Any CPU.Build.0 = Debug|Any CPU
		{965F4678-3F12-41C3-91A2-CFFB80CAB99B}.Release|Any CPU.ActiveCfg = Release|Any CPU
		{965F4678-3F12-41C3-91A2-CFFB80CAB99B}.Release|Any CPU.Build.0 = Release|Any CPU
		{DB61424E-E181-4895-B627-EE80AB753C45}.Debug|Any CPU.ActiveCfg = Debug|Any CPU
		{DB61424E-E181-4895-B627-EE80AB753C45}.Debug|Any CPU.Build.0 = Debug|Any CPU
		{DB61424E-E181-4895-B627-EE80AB753C45}.Release|Any CPU.ActiveCfg = Release|Any CPU
		{DB61424E-E181-4895-B627-EE80AB753C45}.Release|Any CPU.Build.0 = Release|Any CPU
	EndGlobalSection
	GlobalSection(SolutionProperties) = preSolution
		HideSolutionNode = FALSE
	EndGlobalSection
	GlobalSection(ExtensibilityGlobals) = postSolution
		SolutionGuid = {DBE212E3-FB18-4ABC-8FB3-54609556D657}
	EndGlobalSection
EndGlobal
